
Microsoft Visual Studio Solution File, Format Version 12.00
# Visual Studio Version 17
VisualStudioVersion = 17.13.35818.85
MinimumVisualStudioVersion = 10.0.40219.1
Project("{FAE04EC0-301F-11D3-BF4B-00C04F79EFBC}") = "digital employee", "digital employee\digital employee.csproj", "{09544689-F87C-84C8-930F-43D69E7689F5}"
EndProject
Project("{FAE04EC0-301F-11D3-BF4B-00C04F79EFBC}") = "DAL", "DAL\DAL.csproj", "{12357D34-2A02-1ECD-BC6C-D84ADDC1A72E}"
EndProject
Project("{FAE04EC0-301F-11D3-BF4B-00C04F79EFBC}") = "Domain layer", "Domain layer\Domain layer.csproj", "{57CCC714-7F83-B6DE-33AC-062EC694F5E4}"
EndProject
Project("{FAE04EC0-301F-11D3-BF4B-00C04F79EFBC}") = "Service layer", "Service layer\Service layer.csproj", "{824A836E-B1AF-63FB-62A8-74FCD7DDA4F8}"
EndProject
Project("{FAE04EC0-301F-11D3-BF4B-00C04F79EFBC}") = "Infrastructure Layer", "Infrastructure Layer\Infrastructure Layer.csproj", "{53753F43-7D15-4333-B07A-E33C77660FB5}"
EndProject
Global
	GlobalSection(SolutionConfigurationPlatforms) = preSolution
		Debug|Any CPU = Debug|Any CPU
		Release|Any CPU = Release|Any CPU
	EndGlobalSection
	GlobalSection(ProjectConfigurationPlatforms) = postSolution
		{09544689-F87C-84C8-930F-43D69E7689F5}.Debug|Any CPU.ActiveCfg = Debug|Any CPU
		{09544689-F87C-84C8-930F-43D69E7689F5}.Debug|Any CPU.Build.0 = Debug|Any CPU
		{09544689-F87C-84C8-930F-43D69E7689F5}.Release|Any CPU.ActiveCfg = Release|Any CPU
		{09544689-F87C-84C8-930F-43D69E7689F5}.Release|Any CPU.Build.0 = Release|Any CPU
		{12357D34-2A02-1ECD-BC6C-D84ADDC1A72E}.Debug|Any CPU.ActiveCfg = Debug|Any CPU
		{12357D34-2A02-1ECD-BC6C-D84ADDC1A72E}.Debug|Any CPU.Build.0 = Debug|Any CPU
		{12357D34-2A02-1ECD-BC6C-D84ADDC1A72E}.Release|Any CPU.ActiveCfg = Release|Any CPU
		{12357D34-2A02-1ECD-BC6C-D84ADDC1A72E}.Release|Any CPU.Build.0 = Release|Any CPU
		{57CCC714-7F83-B6DE-33AC-062EC694F5E4}.Debug|Any CPU.ActiveCfg = Debug|Any CPU
		{57CCC714-7F83-B6DE-33AC-062EC694F5E4}.Debug|Any CPU.Build.0 = Debug|Any CPU
		{57CCC714-7F83-B6DE-33AC-062EC694F5E4}.Release|Any CPU.ActiveCfg = Release|Any CPU
		{57CCC714-7F83-B6DE-33AC-062EC694F5E4}.Release|Any CPU.Build.0 = Release|Any CPU
		{824A836E-B1AF-63FB-62A8-74FCD7DDA4F8}.Debug|Any CPU.ActiveCfg = Debug|Any CPU
		{824A836E-B1AF-63FB-62A8-74FCD7DDA4F8}.Debug|Any CPU.Build.0 = Debug|Any CPU
		{824A836E-B1AF-63FB-62A8-74FCD7DDA4F8}.Release|Any CPU.ActiveCfg = Release|Any CPU
		{824A836E-B1AF-63FB-62A8-74FCD7DDA4F8}.Release|Any CPU.Build.0 = Release|Any CPU
		{53753F43-7D15-4333-B07A-E33C77660FB5}.Debug|Any CPU.ActiveCfg = Debug|Any CPU
		{53753F43-7D15-4333-B07A-E33C77660FB5}.Debug|Any CPU.Build.0 = Debug|Any CPU
		{53753F43-7D15-4333-B07A-E33C77660FB5}.Release|Any CPU.ActiveCfg = Release|Any CPU
		{53753F43-7D15-4333-B07A-E33C77660FB5}.Release|Any CPU.Build.0 = Release|Any CPU
	EndGlobalSection
	GlobalSection(SolutionProperties) = preSolution
		HideSolutionNode = FALSE
	EndGlobalSection
	GlobalSection(ExtensibilityGlobals) = postSolution
		SolutionGuid = {753E715B-A8E1-4DB9-8D08-B31749E62A70}
	EndGlobalSection
EndGlobal
